
Microsoft Visual Studio Solution File, Format Version 12.00
Project("{FAE04EC0-301F-11D3-BF4B-00C04F79EFBC}") = "FlutterApi", "FlutterApi\FlutterApi.csproj", "{2B19C070-F7B3-4E09-BA98-F0BF6A19EA89}"
EndProject
Project("{FAE04EC0-301F-11D3-BF4B-00C04F79EFBC}") = "Model", "Model\Model.csproj", "{E35C1696-DACF-4431-8B7D-CC8A8404667D}"
EndProject
Project("{FAE04EC0-301F-11D3-BF4B-00C04F79EFBC}") = "Domain", "Domain\Domain.csproj", "{B3274748-3BAD-4605-BC61-4BAB02992DB9}"
EndProject
Global
	GlobalSection(SolutionConfigurationPlatforms) = preSolution
		Debug|Any CPU = Debug|Any CPU
		Release|Any CPU = Release|Any CPU
	EndGlobalSection
	GlobalSection(ProjectConfigurationPlatforms) = postSolution
		{2B19C070-F7B3-4E09-BA98-F0BF6A19EA89}.Debug|Any CPU.ActiveCfg = Debug|Any CPU
		{2B19C070-F7B3-4E09-BA98-F0BF6A19EA89}.Debug|Any CPU.Build.0 = Debug|Any CPU
		{2B19C070-F7B3-4E09-BA98-F0BF6A19EA89}.Release|Any CPU.ActiveCfg = Release|Any CPU
		{2B19C070-F7B3-4E09-BA98-F0BF6A19EA89}.Release|Any CPU.Build.0 = Release|Any CPU
		{E35C1696-DACF-4431-8B7D-CC8A8404667D}.Debug|Any CPU.ActiveCfg = Debug|Any CPU
		{E35C1696-DACF-4431-8B7D-CC8A8404667D}.Debug|Any CPU.Build.0 = Debug|Any CPU
		{E35C1696-DACF-4431-8B7D-CC8A8404667D}.Release|Any CPU.ActiveCfg = Release|Any CPU
		{E35C1696-DACF-4431-8B7D-CC8A8404667D}.Release|Any CPU.Build.0 = Release|Any CPU
		{B3274748-3BAD-4605-BC61-4BAB02992DB9}.Debug|Any CPU.ActiveCfg = Debug|Any CPU
		{B3274748-3BAD-4605-BC61-4BAB02992DB9}.Debug|Any CPU.Build.0 = Debug|Any CPU
		{B3274748-3BAD-4605-BC61-4BAB02992DB9}.Release|Any CPU.ActiveCfg = Release|Any CPU
		{B3274748-3BAD-4605-BC61-4BAB02992DB9}.Release|Any CPU.Build.0 = Release|Any CPU
	EndGlobalSection
EndGlobal
